
Microsoft Visual Studio Solution File, Format Version 12.00
# Visual Studio Version 16
VisualStudioVersion = 16.0.31729.503
MinimumVisualStudioVersion = 10.0.40219.1
Project("{888888A0-9F3D-457C-B088-3A5042F75D52}") = "English-Russian dictionary", "English-Russian dictionary\English-Russian dictionary.pyproj", "{1790D85A-6E9A-4A4C-B604-B4680D1DD3AD}"
EndProject
Global
	GlobalSection(SolutionConfigurationPlatforms) = preSolution
		Debug|Any CPU = Debug|Any CPU
		Release|Any CPU = Release|Any CPU
	EndGlobalSection
	GlobalSection(ProjectConfigurationPlatforms) = postSolution
		{1790D85A-6E9A-4A4C-B604-B4680D1DD3AD}.Debug|Any CPU.ActiveCfg = Debug|Any CPU
		{1790D85A-6E9A-4A4C-B604-B4680D1DD3AD}.Release|Any CPU.ActiveCfg = Release|Any CPU
	EndGlobalSection
	GlobalSection(SolutionProperties) = preSolution
		HideSolutionNode = FALSE
	EndGlobalSection
	GlobalSection(ExtensibilityGlobals) = postSolution
		SolutionGuid = {3BC3C113-C2EB-4896-9A51-A68444BE2682}
	EndGlobalSection
EndGlobal
